# THIS IS AN AUTOGENERATED FILE. DO NOT EDIT THIS FILE DIRECTLY.
# yarn lockfile v1


uikit@^3.2.7:
  version "3.2.7"
  resolved "https://registry.yarnpkg.com/uikit/-/uikit-3.2.7.tgz#857837c818f3287733b1295d8572a67d848f2c55"
  integrity sha512-/EGCJd7qGGwJsidyOxr+13DZwJtmkknbQhc+fk6LHOpNazG3nm0pPw++3/Bx3exL8gbwmFyS9alwLdKmoiourQ==
